
Microsoft Visual Studio Solution File, Format Version 12.00
# Visual Studio Version 17
VisualStudioVersion = 17.5.2.0
MinimumVisualStudioVersion = 10.0.40219.1
Project("{FAE04EC0-301F-11D3-BF4B-00C04F79EFBC}") = "user_service", "user_service\user_service.csproj", "{9310277B-C886-1B2D-9C2C-1BF7D3F54317}"
EndProject
Project("{FAE04EC0-301F-11D3-BF4B-00C04F79EFBC}") = "team_service", "team_service\team_service.csproj", "{C93DF6FB-FE7A-44E8-B152-A4BD759111C0}"
EndProject
Project("{FAE04EC0-301F-11D3-BF4B-00C04F79EFBC}") = "task_service", "task_service\task_service.csproj", "{7219A067-3AB2-43A8-AB4E-33AEAFA0590F}"
EndProject
Global
	GlobalSection(SolutionConfigurationPlatforms) = preSolution
		Debug|Any CPU = Debug|Any CPU
		Debug|x64 = Debug|x64
		Debug|x86 = Debug|x86
		Release|Any CPU = Release|Any CPU
		Release|x64 = Release|x64
		Release|x86 = Release|x86
	EndGlobalSection
	GlobalSection(ProjectConfigurationPlatforms) = postSolution
		{9310277B-C886-1B2D-9C2C-1BF7D3F54317}.Debug|Any CPU.ActiveCfg = Debug|Any CPU
		{9310277B-C886-1B2D-9C2C-1BF7D3F54317}.Debug|Any CPU.Build.0 = Debug|Any CPU
		{9310277B-C886-1B2D-9C2C-1BF7D3F54317}.Debug|x64.ActiveCfg = Debug|Any CPU
		{9310277B-C886-1B2D-9C2C-1BF7D3F54317}.Debug|x64.Build.0 = Debug|Any CPU
		{9310277B-C886-1B2D-9C2C-1BF7D3F54317}.Debug|x86.ActiveCfg = Debug|Any CPU
		{9310277B-C886-1B2D-9C2C-1BF7D3F54317}.Debug|x86.Build.0 = Debug|Any CPU
		{9310277B-C886-1B2D-9C2C-1BF7D3F54317}.Release|Any CPU.ActiveCfg = Release|Any CPU
		{9310277B-C886-1B2D-9C2C-1BF7D3F54317}.Release|Any CPU.Build.0 = Release|Any CPU
		{9310277B-C886-1B2D-9C2C-1BF7D3F54317}.Release|x64.ActiveCfg = Release|Any CPU
		{9310277B-C886-1B2D-9C2C-1BF7D3F54317}.Release|x64.Build.0 = Release|Any CPU
		{9310277B-C886-1B2D-9C2C-1BF7D3F54317}.Release|x86.ActiveCfg = Release|Any CPU
		{9310277B-C886-1B2D-9C2C-1BF7D3F54317}.Release|x86.Build.0 = Release|Any CPU
		{C93DF6FB-FE7A-44E8-B152-A4BD759111C0}.Debug|Any CPU.ActiveCfg = Debug|Any CPU
		{C93DF6FB-FE7A-44E8-B152-A4BD759111C0}.Debug|Any CPU.Build.0 = Debug|Any CPU
		{C93DF6FB-FE7A-44E8-B152-A4BD759111C0}.Debug|x64.ActiveCfg = Debug|Any CPU
		{C93DF6FB-FE7A-44E8-B152-A4BD759111C0}.Debug|x64.Build.0 = Debug|Any CPU
		{C93DF6FB-FE7A-44E8-B152-A4BD759111C0}.Debug|x86.ActiveCfg = Debug|Any CPU
		{C93DF6FB-FE7A-44E8-B152-A4BD759111C0}.Debug|x86.Build.0 = Debug|Any CPU
		{C93DF6FB-FE7A-44E8-B152-A4BD759111C0}.Release|Any CPU.ActiveCfg = Release|Any CPU
		{C93DF6FB-FE7A-44E8-B152-A4BD759111C0}.Release|Any CPU.Build.0 = Release|Any CPU
		{C93DF6FB-FE7A-44E8-B152-A4BD759111C0}.Release|x64.ActiveCfg = Release|Any CPU
		{C93DF6FB-FE7A-44E8-B152-A4BD759111C0}.Release|x64.Build.0 = Release|Any CPU
		{C93DF6FB-FE7A-44E8-B152-A4BD759111C0}.Release|x86.ActiveCfg = Release|Any CPU
		{C93DF6FB-FE7A-44E8-B152-A4BD759111C0}.Release|x86.Build.0 = Release|Any CPU
		{7219A067-3AB2-43A8-AB4E-33AEAFA0590F}.Debug|Any CPU.ActiveCfg = Debug|Any CPU
		{7219A067-3AB2-43A8-AB4E-33AEAFA0590F}.Debug|Any CPU.Build.0 = Debug|Any CPU
		{7219A067-3AB2-43A8-AB4E-33AEAFA0590F}.Debug|x64.ActiveCfg = Debug|Any CPU
		{7219A067-3AB2-43A8-AB4E-33AEAFA0590F}.Debug|x64.Build.0 = Debug|Any CPU
		{7219A067-3AB2-43A8-AB4E-33AEAFA0590F}.Debug|x86.ActiveCfg = Debug|Any CPU
		{7219A067-3AB2-43A8-AB4E-33AEAFA0590F}.Debug|x86.Build.0 = Debug|Any CPU
		{7219A067-3AB2-43A8-AB4E-33AEAFA0590F}.Release|Any CPU.ActiveCfg = Release|Any CPU
		{7219A067-3AB2-43A8-AB4E-33AEAFA0590F}.Release|Any CPU.Build.0 = Release|Any CPU
		{7219A067-3AB2-43A8-AB4E-33AEAFA0590F}.Release|x64.ActiveCfg = Release|Any CPU
		{7219A067-3AB2-43A8-AB4E-33AEAFA0590F}.Release|x64.Build.0 = Release|Any CPU
		{7219A067-3AB2-43A8-AB4E-33AEAFA0590F}.Release|x86.ActiveCfg = Release|Any CPU
		{7219A067-3AB2-43A8-AB4E-33AEAFA0590F}.Release|x86.Build.0 = Release|Any CPU
	EndGlobalSection
	GlobalSection(SolutionProperties) = preSolution
		HideSolutionNode = FALSE
	EndGlobalSection
	GlobalSection(ExtensibilityGlobals) = postSolution
		SolutionGuid = {E5F8F152-3FE9-443D-ADC0-71D993F5BCF1}
	EndGlobalSection
EndGlobal
